
Microsoft Visual Studio Solution File, Format Version 12.00
# Visual Studio Version 17
VisualStudioVersion = 17.12.35514.174
MinimumVisualStudioVersion = 10.0.40219.1
Project("{FAE04EC0-301F-11D3-BF4B-00C04F79EFBC}") = "CTunnel.Server", "CTunnel.Server\CTunnel.Server.csproj", "{31958394-1FB1-452D-B695-749D82361FEB}"
EndProject
Project("{FAE04EC0-301F-11D3-BF4B-00C04F79EFBC}") = "CTunnel.Core", "CTunnel.Core\CTunnel.Core.csproj", "{4BC76B99-EBE1-4F42-A086-BD5AD68E7A39}"
EndProject
Project("{FAE04EC0-301F-11D3-BF4B-00C04F79EFBC}") = "CTunnel.Console.Client", "CTunnel.Console.Client\CTunnel.Console.Client.csproj", "{2898283F-7915-48B3-9F4D-C5CA95C25A6F}"
EndProject
Global
	GlobalSection(SolutionConfigurationPlatforms) = preSolution
		Debug|Any CPU = Debug|Any CPU
		Release|Any CPU = Release|Any CPU
	EndGlobalSection
	GlobalSection(ProjectConfigurationPlatforms) = postSolution
		{31958394-1FB1-452D-B695-749D82361FEB}.Debug|Any CPU.ActiveCfg = Debug|Any CPU
		{31958394-1FB1-452D-B695-749D82361FEB}.Debug|Any CPU.Build.0 = Debug|Any CPU
		{31958394-1FB1-452D-B695-749D82361FEB}.Release|Any CPU.ActiveCfg = Release|Any CPU
		{31958394-1FB1-452D-B695-749D82361FEB}.Release|Any CPU.Build.0 = Release|Any CPU
		{4BC76B99-EBE1-4F42-A086-BD5AD68E7A39}.Debug|Any CPU.ActiveCfg = Debug|Any CPU
		{4BC76B99-EBE1-4F42-A086-BD5AD68E7A39}.Debug|Any CPU.Build.0 = Debug|Any CPU
		{4BC76B99-EBE1-4F42-A086-BD5AD68E7A39}.Release|Any CPU.ActiveCfg = Release|Any CPU
		{4BC76B99-EBE1-4F42-A086-BD5AD68E7A39}.Release|Any CPU.Build.0 = Release|Any CPU
		{2898283F-7915-48B3-9F4D-C5CA95C25A6F}.Debug|Any CPU.ActiveCfg = Debug|Any CPU
		{2898283F-7915-48B3-9F4D-C5CA95C25A6F}.Debug|Any CPU.Build.0 = Debug|Any CPU
		{2898283F-7915-48B3-9F4D-C5CA95C25A6F}.Release|Any CPU.ActiveCfg = Release|Any CPU
		{2898283F-7915-48B3-9F4D-C5CA95C25A6F}.Release|Any CPU.Build.0 = Release|Any CPU
	EndGlobalSection
	GlobalSection(SolutionProperties) = preSolution
		HideSolutionNode = FALSE
	EndGlobalSection
EndGlobal
